[[package]]
category = "main"
description = "Amazon Web Services Library"
name = "boto"
optional = false
python-versions = "*"
version = "2.49.0"

[[package]]
category = "main"
description = "The AWS SDK for Python"
name = "boto3"
optional = false
python-versions = "*"
version = "1.13.7"

[package.dependencies]
botocore = ">=1.16.7,<1.17.0"
jmespath = ">=0.7.1,<1.0.0"
s3transfer = ">=0.3.0,<0.4.0"

[[package]]
category = "main"
description = "Type annotations for boto3 1.13.7, generated by mypy-boto3-buider 1.0.9"
name = "boto3-stubs"
optional = false
python-versions = ">=3.6"
version = "1.13.7.0"

[package.dependencies]
mypy-boto3 = "1.13.7.0"

[package.dependencies.typing_extensions]
python = "<3.8"
version = "*"

[package.extras]
accessanalyzer = ["mypy-boto3-accessanalyzer (1.13.7.0)"]
acm = ["mypy-boto3-acm (1.13.7.0)"]
acm-pca = ["mypy-boto3-acm-pca (1.13.7.0)"]
alexaforbusiness = ["mypy-boto3-alexaforbusiness (1.13.7.0)"]
amplify = ["mypy-boto3-amplify (1.13.7.0)"]
apigateway = ["mypy-boto3-apigateway (1.13.7.0)"]
apigatewaymanagementapi = ["mypy-boto3-apigatewaymanagementapi (1.13.7.0)"]
apigatewayv2 = ["mypy-boto3-apigatewayv2 (1.13.7.0)"]
appconfig = ["mypy-boto3-appconfig (1.13.7.0)"]
application-autoscaling = ["mypy-boto3-application-autoscaling (1.13.7.0)"]
application-insights = ["mypy-boto3-application-insights (1.13.7.0)"]
appmesh = ["mypy-boto3-appmesh (1.13.7.0)"]
appstream = ["mypy-boto3-appstream (1.13.7.0)"]
appsync = ["mypy-boto3-appsync (1.13.7.0)"]
athena = ["mypy-boto3-athena (1.13.7.0)"]
autoscaling = ["mypy-boto3-autoscaling (1.13.7.0)"]
autoscaling-plans = ["mypy-boto3-autoscaling-plans (1.13.7.0)"]
backup = ["mypy-boto3-backup (1.13.7.0)"]
batch = ["mypy-boto3-batch (1.13.7.0)"]
budgets = ["mypy-boto3-budgets (1.13.7.0)"]
ce = ["mypy-boto3-ce (1.13.7.0)"]
chime = ["mypy-boto3-chime (1.13.7.0)"]
cloud9 = ["mypy-boto3-cloud9 (1.13.7.0)"]
clouddirectory = ["mypy-boto3-clouddirectory (1.13.7.0)"]
cloudformation = ["mypy-boto3-cloudformation (1.13.7.0)"]
cloudfront = ["mypy-boto3-cloudfront (1.13.7.0)"]
cloudhsm = ["mypy-boto3-cloudhsm (1.13.7.0)"]
cloudhsmv2 = ["mypy-boto3-cloudhsmv2 (1.13.7.0)"]
cloudsearch = ["mypy-boto3-cloudsearch (1.13.7.0)"]
cloudsearchdomain = ["mypy-boto3-cloudsearchdomain (1.13.7.0)"]
cloudtrail = ["mypy-boto3-cloudtrail (1.13.7.0)"]
cloudwatch = ["mypy-boto3-cloudwatch (1.13.7.0)"]
codebuild = ["mypy-boto3-codebuild (1.13.7.0)"]
codecommit = ["mypy-boto3-codecommit (1.13.7.0)"]
codedeploy = ["mypy-boto3-codedeploy (1.13.7.0)"]
codeguru-reviewer = ["mypy-boto3-codeguru-reviewer (1.13.7.0)"]
codeguruprofiler = ["mypy-boto3-codeguruprofiler (1.13.7.0)"]
codepipeline = ["mypy-boto3-codepipeline (1.13.7.0)"]
codestar = ["mypy-boto3-codestar (1.13.7.0)"]
codestar-connections = ["mypy-boto3-codestar-connections (1.13.7.0)"]
codestar-notifications = ["mypy-boto3-codestar-notifications (1.13.7.0)"]
cognito-identity = ["mypy-boto3-cognito-identity (1.13.7.0)"]
cognito-idp = ["mypy-boto3-cognito-idp (1.13.7.0)"]
cognito-sync = ["mypy-boto3-cognito-sync (1.13.7.0)"]
comprehend = ["mypy-boto3-comprehend (1.13.7.0)"]
comprehendmedical = ["mypy-boto3-comprehendmedical (1.13.7.0)"]
compute-optimizer = ["mypy-boto3-compute-optimizer (1.13.7.0)"]
config = ["mypy-boto3-config (1.13.7.0)"]
connect = ["mypy-boto3-connect (1.13.7.0)"]
connectparticipant = ["mypy-boto3-connectparticipant (1.13.7.0)"]
cur = ["mypy-boto3-cur (1.13.7.0)"]
dataexchange = ["mypy-boto3-dataexchange (1.13.7.0)"]
datapipeline = ["mypy-boto3-datapipeline (1.13.7.0)"]
datasync = ["mypy-boto3-datasync (1.13.7.0)"]
dax = ["mypy-boto3-dax (1.13.7.0)"]
detective = ["mypy-boto3-detective (1.13.7.0)"]
devicefarm = ["mypy-boto3-devicefarm (1.13.7.0)"]
directconnect = ["mypy-boto3-directconnect (1.13.7.0)"]
discovery = ["mypy-boto3-discovery (1.13.7.0)"]
dlm = ["mypy-boto3-dlm (1.13.7.0)"]
dms = ["mypy-boto3-dms (1.13.7.0)"]
docdb = ["mypy-boto3-docdb (1.13.7.0)"]
ds = ["mypy-boto3-ds (1.13.7.0)"]
dynamodb = ["mypy-boto3-dynamodb (1.13.7.0)"]
dynamodbstreams = ["mypy-boto3-dynamodbstreams (1.13.7.0)"]
ebs = ["mypy-boto3-ebs (1.13.7.0)"]
ec2 = ["mypy-boto3-ec2 (1.13.7.0)"]
ec2-instance-connect = ["mypy-boto3-ec2-instance-connect (1.13.7.0)"]
ecr = ["mypy-boto3-ecr (1.13.7.0)"]
ecs = ["mypy-boto3-ecs (1.13.7.0)"]
efs = ["mypy-boto3-efs (1.13.7.0)"]
eks = ["mypy-boto3-eks (1.13.7.0)"]
elastic-inference = ["mypy-boto3-elastic-inference (1.13.7.0)"]
elasticache = ["mypy-boto3-elasticache (1.13.7.0)"]
elasticbeanstalk = ["mypy-boto3-elasticbeanstalk (1.13.7.0)"]
elastictranscoder = ["mypy-boto3-elastictranscoder (1.13.7.0)"]
elb = ["mypy-boto3-elb (1.13.7.0)"]
elbv2 = ["mypy-boto3-elbv2 (1.13.7.0)"]
emr = ["mypy-boto3-emr (1.13.7.0)"]
es = ["mypy-boto3-es (1.13.7.0)"]
essential = ["mypy-boto3-cloudformation (1.13.7.0)", "mypy-boto3-dynamodb (1.13.7.0)", "mypy-boto3-ec2 (1.13.7.0)", "mypy-boto3-lambda (1.13.7.0)", "mypy-boto3-rds (1.13.7.0)", "mypy-boto3-s3 (1.13.7.0)", "mypy-boto3-sqs (1.13.7.0)"]
events = ["mypy-boto3-events (1.13.7.0)"]
firehose = ["mypy-boto3-firehose (1.13.7.0)"]
fms = ["mypy-boto3-fms (1.13.7.0)"]
forecast = ["mypy-boto3-forecast (1.13.7.0)"]
forecastquery = ["mypy-boto3-forecastquery (1.13.7.0)"]
frauddetector = ["mypy-boto3-frauddetector (1.13.7.0)"]
fsx = ["mypy-boto3-fsx (1.13.7.0)"]
gamelift = ["mypy-boto3-gamelift (1.13.7.0)"]
glacier = ["mypy-boto3-glacier (1.13.7.0)"]
globalaccelerator = ["mypy-boto3-globalaccelerator (1.13.7.0)"]
glue = ["mypy-boto3-glue (1.13.7.0)"]
greengrass = ["mypy-boto3-greengrass (1.13.7.0)"]
groundstation = ["mypy-boto3-groundstation (1.13.7.0)"]
guardduty = ["mypy-boto3-guardduty (1.13.7.0)"]
health = ["mypy-boto3-health (1.13.7.0)"]
iam = ["mypy-boto3-iam (1.13.7.0)"]
imagebuilder = ["mypy-boto3-imagebuilder (1.13.7.0)"]
importexport = ["mypy-boto3-importexport (1.13.7.0)"]
inspector = ["mypy-boto3-inspector (1.13.7.0)"]
iot = ["mypy-boto3-iot (1.13.7.0)"]
iot-data = ["mypy-boto3-iot-data (1.13.7.0)"]
iot-jobs-data = ["mypy-boto3-iot-jobs-data (1.13.7.0)"]
iot1click-devices = ["mypy-boto3-iot1click-devices (1.13.7.0)"]
iot1click-projects = ["mypy-boto3-iot1click-projects (1.13.7.0)"]
iotanalytics = ["mypy-boto3-iotanalytics (1.13.7.0)"]
iotevents = ["mypy-boto3-iotevents (1.13.7.0)"]
iotevents-data = ["mypy-boto3-iotevents-data (1.13.7.0)"]
iotsecuretunneling = ["mypy-boto3-iotsecuretunneling (1.13.7.0)"]
iotsitewise = ["mypy-boto3-iotsitewise (1.13.7.0)"]
iotthingsgraph = ["mypy-boto3-iotthingsgraph (1.13.7.0)"]
kafka = ["mypy-boto3-kafka (1.13.7.0)"]
kendra = ["mypy-boto3-kendra (1.13.7.0)"]
kinesis = ["mypy-boto3-kinesis (1.13.7.0)"]
kinesis-video-archived-media = ["mypy-boto3-kinesis-video-archived-media (1.13.7.0)"]
kinesis-video-media = ["mypy-boto3-kinesis-video-media (1.13.7.0)"]
kinesis-video-signaling = ["mypy-boto3-kinesis-video-signaling (1.13.7.0)"]
kinesisanalytics = ["mypy-boto3-kinesisanalytics (1.13.7.0)"]
kinesisanalyticsv2 = ["mypy-boto3-kinesisanalyticsv2 (1.13.7.0)"]
kinesisvideo = ["mypy-boto3-kinesisvideo (1.13.7.0)"]
kms = ["mypy-boto3-kms (1.13.7.0)"]
lakeformation = ["mypy-boto3-lakeformation (1.13.7.0)"]
lambda = ["mypy-boto3-lambda (1.13.7.0)"]
lex-models = ["mypy-boto3-lex-models (1.13.7.0)"]
lex-runtime = ["mypy-boto3-lex-runtime (1.13.7.0)"]
license-manager = ["mypy-boto3-license-manager (1.13.7.0)"]
lightsail = ["mypy-boto3-lightsail (1.13.7.0)"]
logs = ["mypy-boto3-logs (1.13.7.0)"]
machinelearning = ["mypy-boto3-machinelearning (1.13.7.0)"]
macie = ["mypy-boto3-macie (1.13.7.0)"]
managedblockchain = ["mypy-boto3-managedblockchain (1.13.7.0)"]
marketplace-catalog = ["mypy-boto3-marketplace-catalog (1.13.7.0)"]
marketplace-entitlement = ["mypy-boto3-marketplace-entitlement (1.13.7.0)"]
marketplacecommerceanalytics = ["mypy-boto3-marketplacecommerceanalytics (1.13.7.0)"]
mediaconnect = ["mypy-boto3-mediaconnect (1.13.7.0)"]
mediaconvert = ["mypy-boto3-mediaconvert (1.13.7.0)"]
medialive = ["mypy-boto3-medialive (1.13.7.0)"]
mediapackage = ["mypy-boto3-mediapackage (1.13.7.0)"]
mediapackage-vod = ["mypy-boto3-mediapackage-vod (1.13.7.0)"]
mediastore = ["mypy-boto3-mediastore (1.13.7.0)"]
mediastore-data = ["mypy-boto3-mediastore-data (1.13.7.0)"]
mediatailor = ["mypy-boto3-mediatailor (1.13.7.0)"]
meteringmarketplace = ["mypy-boto3-meteringmarketplace (1.13.7.0)"]
mgh = ["mypy-boto3-mgh (1.13.7.0)"]
migrationhub-config = ["mypy-boto3-migrationhub-config (1.13.7.0)"]
mobile = ["mypy-boto3-mobile (1.13.7.0)"]
mq = ["mypy-boto3-mq (1.13.7.0)"]
mturk = ["mypy-boto3-mturk (1.13.7.0)"]
neptune = ["mypy-boto3-neptune (1.13.7.0)"]
networkmanager = ["mypy-boto3-networkmanager (1.13.7.0)"]
opsworks = ["mypy-boto3-opsworks (1.13.7.0)"]
opsworkscm = ["mypy-boto3-opsworkscm (1.13.7.0)"]
organizations = ["mypy-boto3-organizations (1.13.7.0)"]
outposts = ["mypy-boto3-outposts (1.13.7.0)"]
personalize = ["mypy-boto3-personalize (1.13.7.0)"]
personalize-events = ["mypy-boto3-personalize-events (1.13.7.0)"]
personalize-runtime = ["mypy-boto3-personalize-runtime (1.13.7.0)"]
pi = ["mypy-boto3-pi (1.13.7.0)"]
pinpoint = ["mypy-boto3-pinpoint (1.13.7.0)"]
pinpoint-email = ["mypy-boto3-pinpoint-email (1.13.7.0)"]
pinpoint-sms-voice = ["mypy-boto3-pinpoint-sms-voice (1.13.7.0)"]
polly = ["mypy-boto3-polly (1.13.7.0)"]
pricing = ["mypy-boto3-pricing (1.13.7.0)"]
qldb = ["mypy-boto3-qldb (1.13.7.0)"]
qldb-session = ["mypy-boto3-qldb-session (1.13.7.0)"]
quicksight = ["mypy-boto3-quicksight (1.13.7.0)"]
ram = ["mypy-boto3-ram (1.13.7.0)"]
rds = ["mypy-boto3-rds (1.13.7.0)"]
rds-data = ["mypy-boto3-rds-data (1.13.7.0)"]
redshift = ["mypy-boto3-redshift (1.13.7.0)"]
rekognition = ["mypy-boto3-rekognition (1.13.7.0)"]
resource-groups = ["mypy-boto3-resource-groups (1.13.7.0)"]
resourcegroupstaggingapi = ["mypy-boto3-resourcegroupstaggingapi (1.13.7.0)"]
robomaker = ["mypy-boto3-robomaker (1.13.7.0)"]
route53 = ["mypy-boto3-route53 (1.13.7.0)"]
route53domains = ["mypy-boto3-route53domains (1.13.7.0)"]
route53resolver = ["mypy-boto3-route53resolver (1.13.7.0)"]
s3 = ["mypy-boto3-s3 (1.13.7.0)"]
s3control = ["mypy-boto3-s3control (1.13.7.0)"]
sagemaker = ["mypy-boto3-sagemaker (1.13.7.0)"]
sagemaker-a2i-runtime = ["mypy-boto3-sagemaker-a2i-runtime (1.13.7.0)"]
sagemaker-runtime = ["mypy-boto3-sagemaker-runtime (1.13.7.0)"]
savingsplans = ["mypy-boto3-savingsplans (1.13.7.0)"]
schemas = ["mypy-boto3-schemas (1.13.7.0)"]
sdb = ["mypy-boto3-sdb (1.13.7.0)"]
secretsmanager = ["mypy-boto3-secretsmanager (1.13.7.0)"]
securityhub = ["mypy-boto3-securityhub (1.13.7.0)"]
serverlessrepo = ["mypy-boto3-serverlessrepo (1.13.7.0)"]
service-quotas = ["mypy-boto3-service-quotas (1.13.7.0)"]
servicecatalog = ["mypy-boto3-servicecatalog (1.13.7.0)"]
servicediscovery = ["mypy-boto3-servicediscovery (1.13.7.0)"]
ses = ["mypy-boto3-ses (1.13.7.0)"]
sesv2 = ["mypy-boto3-sesv2 (1.13.7.0)"]
shield = ["mypy-boto3-shield (1.13.7.0)"]
signer = ["mypy-boto3-signer (1.13.7.0)"]
sms = ["mypy-boto3-sms (1.13.7.0)"]
sms-voice = ["mypy-boto3-sms-voice (1.13.7.0)"]
snowball = ["mypy-boto3-snowball (1.13.7.0)"]
sns = ["mypy-boto3-sns (1.13.7.0)"]
sqs = ["mypy-boto3-sqs (1.13.7.0)"]
ssm = ["mypy-boto3-ssm (1.13.7.0)"]
sso = ["mypy-boto3-sso (1.13.7.0)"]
sso-oidc = ["mypy-boto3-sso-oidc (1.13.7.0)"]
stepfunctions = ["mypy-boto3-stepfunctions (1.13.7.0)"]
storagegateway = ["mypy-boto3-storagegateway (1.13.7.0)"]
sts = ["mypy-boto3-sts (1.13.7.0)"]
support = ["mypy-boto3-support (1.13.7.0)"]
swf = ["mypy-boto3-swf (1.13.7.0)"]
synthetics = ["mypy-boto3-synthetics (1.13.7.0)"]
textract = ["mypy-boto3-textract (1.13.7.0)"]
transcribe = ["mypy-boto3-transcribe (1.13.7.0)"]
transfer = ["mypy-boto3-transfer (1.13.7.0)"]
translate = ["mypy-boto3-translate (1.13.7.0)"]
waf = ["mypy-boto3-waf (1.13.7.0)"]
waf-regional = ["mypy-boto3-waf-regional (1.13.7.0)"]
wafv2 = ["mypy-boto3-wafv2 (1.13.7.0)"]
workdocs = ["mypy-boto3-workdocs (1.13.7.0)"]
worklink = ["mypy-boto3-worklink (1.13.7.0)"]
workmail = ["mypy-boto3-workmail (1.13.7.0)"]
workmailmessageflow = ["mypy-boto3-workmailmessageflow (1.13.7.0)"]
workspaces = ["mypy-boto3-workspaces (1.13.7.0)"]
xray = ["mypy-boto3-xray (1.13.7.0)"]

[[package]]
category = "main"
description = "Low-level, data-driven core of boto 3."
name = "botocore"
optional = false
python-versions = "*"
version = "1.16.7"

[package.dependencies]
docutils = ">=0.10,<0.16"
jmespath = ">=0.7.1,<1.0.0"
python-dateutil = ">=2.1,<3.0.0"

[package.dependencies.urllib3]
python = "<3.4.0 || >=3.5.0"
version = ">=1.20,<1.26"

[[package]]
category = "main"
description = "Docutils -- Python Documentation Utilities"
name = "docutils"
optional = false
python-versions = ">=2.6, !=3.0.*, !=3.1.*, !=3.2.*"
version = "0.15.2"

[[package]]
category = "main"
description = "Read metadata from Python packages"
marker = "python_version < \"3.8\""
name = "importlib-metadata"
optional = false
python-versions = "!=3.0.*,!=3.1.*,!=3.2.*,!=3.3.*,!=3.4.*,>=2.7"
version = "1.6.0"

[package.dependencies]
zipp = ">=0.5"

[package.extras]
docs = ["sphinx", "rst.linker"]
testing = ["packaging", "importlib-resources"]

[[package]]
category = "main"
description = "JSON Matching Expressions"
name = "jmespath"
optional = false
python-versions = "*"
version = "0.9.5"

[[package]]
category = "dev"
description = "Optional static typing for Python"
name = "mypy"
optional = false
python-versions = ">=3.5"
version = "0.770"

[package.dependencies]
mypy-extensions = ">=0.4.3,<0.5.0"
typed-ast = ">=1.4.0,<1.5.0"
typing-extensions = ">=3.7.4"

[package.extras]
dmypy = ["psutil (>=4.0)"]

[[package]]
category = "main"
description = "Type annotations for boto3 1.13.7 master module, generated by mypy-boto3-buider 1.0.9"
name = "mypy-boto3"
optional = false
python-versions = ">=3.6"
version = "1.13.7.0"

[package.dependencies]
boto3 = "*"

[package.dependencies.typing_extensions]
python = "<3.8"
version = "*"

[[package]]
category = "dev"
description = "Experimental type system extensions for programs checked with the mypy typechecker."
name = "mypy-extensions"
optional = false
python-versions = "*"
version = "0.4.3"

[[package]]
category = "main"
description = ""
name = "nixops"
optional = false
python-versions = "^3.7"
version = "1.8.0"

[package.dependencies]
PrettyTable = "^0.7.2"
pluggy = "^0.13.1"
typeguard = "^2.7.1"

[package.source]
reference = "890722355db83bb9894276c4f236ad49183fc8c2"
type = "git"
url = "https://github.com/NixOS/nixops.git"
[[package]]
category = "dev"
description = "nose extends unittest to make testing easier"
name = "nose"
optional = false
python-versions = "*"
version = "1.3.7"

[[package]]
category = "main"
description = "plugin and hook calling mechanisms for python"
name = "pluggy"
optional = false
python-versions = ">=2.7, !=3.0.*, !=3.1.*, !=3.2.*, !=3.3.*"
version = "0.13.1"

[package.dependencies]
[package.dependencies.importlib-metadata]
python = "<3.8"
version = ">=0.12"

[package.extras]
dev = ["pre-commit", "tox"]

[[package]]
category = "main"
description = "A simple Python library for easily displaying tabular data in a visually appealing ASCII table format."
name = "prettytable"
optional = false
python-versions = "*"
version = "0.7.2"

[[package]]
category = "main"
description = "Extensions to the standard Python datetime module"
name = "python-dateutil"
optional = false
python-versions = "!=3.0.*,!=3.1.*,!=3.2.*,>=2.7"
version = "2.8.1"

[package.dependencies]
six = ">=1.5"

[[package]]
category = "main"
description = "An Amazon S3 Transfer Manager"
name = "s3transfer"
optional = false
python-versions = "*"
version = "0.3.3"

[package.dependencies]
botocore = ">=1.12.36,<2.0a.0"

[[package]]
category = "main"
description = "Python 2 and 3 compatibility utilities"
name = "six"
optional = false
python-versions = ">=2.7, !=3.0.*, !=3.1.*, !=3.2.*"
version = "1.14.0"

[[package]]
category = "dev"
description = "a fork of Python 2 and 3 ast modules with type comment support"
name = "typed-ast"
optional = false
python-versions = "*"
version = "1.4.1"

[[package]]
category = "main"
description = "Run-time type checker for Python"
name = "typeguard"
optional = false
python-versions = ">=3.5.2"
version = "2.7.1"

[package.extras]
doc = ["sphinx-rtd-theme", "sphinx-autodoc-typehints (>=1.2.0)"]
test = ["pytest", "pytest-cov", "typing-extensions"]

[[package]]
category = "main"
description = "Backported and Experimental Type Hints for Python 3.5+"
name = "typing-extensions"
optional = false
python-versions = "*"
version = "3.7.4.2"

[[package]]
category = "main"
description = "HTTP library with thread-safe connection pooling, file post, and more."
marker = "python_version != \"3.4\""
name = "urllib3"
optional = false
python-versions = ">=2.7, !=3.0.*, !=3.1.*, !=3.2.*, !=3.3.*, !=3.4.*, <4"
version = "1.25.9"

[package.extras]
brotli = ["brotlipy (>=0.6.0)"]
secure = ["certifi", "cryptography (>=1.3.4)", "idna (>=2.0.0)", "pyOpenSSL (>=0.14)", "ipaddress"]
socks = ["PySocks (>=1.5.6,<1.5.7 || >1.5.7,<2.0)"]

[[package]]
category = "main"
description = "Backport of pathlib-compatible object wrapper for zip files"
marker = "python_version < \"3.8\""
name = "zipp"
optional = false
python-versions = ">=3.6"
version = "3.1.0"

[package.extras]
docs = ["sphinx", "jaraco.packaging (>=3.2)", "rst.linker (>=1.9)"]
testing = ["jaraco.itertools", "func-timeout"]

[metadata]
content-hash = "dd1adac4caa8f787f226acbf85f84270bea3957da4998df430010cdf1a9a6d00"
python-versions = "^3.7"

[metadata.files]
boto = [
    {file = "boto-2.49.0-py2.py3-none-any.whl", hash = "sha256:147758d41ae7240dc989f0039f27da8ca0d53734be0eb869ef16e3adcfa462e8"},
    {file = "boto-2.49.0.tar.gz", hash = "sha256:ea0d3b40a2d852767be77ca343b58a9e3a4b00d9db440efb8da74b4e58025e5a"},
]
boto3 = [
    {file = "boto3-1.13.7-py2.py3-none-any.whl", hash = "sha256:9b5d0d3e2a0374fa6786d7e42f42c25b69695b449b816823be46875af9c32e05"},
    {file = "boto3-1.13.7.tar.gz", hash = "sha256:a9518f580f18b9ca5638be0d7eb90651cceb0fff3524739488763f6dcade1caf"},
]
boto3-stubs = [
    {file = "boto3-stubs-1.13.7.0.tar.gz", hash = "sha256:01b1f94707bd5f05a9b35850cc75dbc480b770410a38a763e1bd6c73f4db6c2d"},
]
botocore = [
    {file = "botocore-1.16.7-py2.py3-none-any.whl", hash = "sha256:48f68a27825632b5567796f5e6f46889971d9e48908ba9fdfc319cf78ffe1e91"},
    {file = "botocore-1.16.7.tar.gz", hash = "sha256:7cd876e6186e845c3667fdcbfd73756f09761c2d5695dfba64b00a08195e7c1f"},
]
docutils = [
    {file = "docutils-0.15.2-py2-none-any.whl", hash = "sha256:9e4d7ecfc600058e07ba661411a2b7de2fd0fafa17d1a7f7361cd47b1175c827"},
    {file = "docutils-0.15.2-py3-none-any.whl", hash = "sha256:6c4f696463b79f1fb8ba0c594b63840ebd41f059e92b31957c46b74a4599b6d0"},
    {file = "docutils-0.15.2.tar.gz", hash = "sha256:a2aeea129088da402665e92e0b25b04b073c04b2dce4ab65caaa38b7ce2e1a99"},
]
importlib-metadata = [
    {file = "importlib_metadata-1.6.0-py2.py3-none-any.whl", hash = "sha256:2a688cbaa90e0cc587f1df48bdc97a6eadccdcd9c35fb3f976a09e3b5016d90f"},
    {file = "importlib_metadata-1.6.0.tar.gz", hash = "sha256:34513a8a0c4962bc66d35b359558fd8a5e10cd472d37aec5f66858addef32c1e"},
]
jmespath = [
    {file = "jmespath-0.9.5-py2.py3-none-any.whl", hash = "sha256:695cb76fa78a10663425d5b73ddc5714eb711157e52704d69be03b1a02ba4fec"},
    {file = "jmespath-0.9.5.tar.gz", hash = "sha256:cca55c8d153173e21baa59983015ad0daf603f9cb799904ff057bfb8ff8dc2d9"},
]
mypy = [
    {file = "mypy-0.770-cp35-cp35m-macosx_10_6_x86_64.whl", hash = "sha256:a34b577cdf6313bf24755f7a0e3f3c326d5c1f4fe7422d1d06498eb25ad0c600"},
    {file = "mypy-0.770-cp35-cp35m-manylinux1_x86_64.whl", hash = "sha256:86c857510a9b7c3104cf4cde1568f4921762c8f9842e987bc03ed4f160925754"},
    {file = "mypy-0.770-cp35-cp35m-win_amd64.whl", hash = "sha256:a8ffcd53cb5dfc131850851cc09f1c44689c2812d0beb954d8138d4f5fc17f65"},
    {file = "mypy-0.770-cp36-cp36m-macosx_10_6_x86_64.whl", hash = "sha256:7687f6455ec3ed7649d1ae574136835a4272b65b3ddcf01ab8704ac65616c5ce"},
    {file = "mypy-0.770-cp36-cp36m-manylinux1_x86_64.whl", hash = "sha256:3beff56b453b6ef94ecb2996bea101a08f1f8a9771d3cbf4988a61e4d9973761"},
    {file = "mypy-0.770-cp36-cp36m-win_amd64.whl", hash = "sha256:15b948e1302682e3682f11f50208b726a246ab4e6c1b39f9264a8796bb416aa2"},
    {file = "mypy-0.770-cp37-cp37m-macosx_10_6_x86_64.whl", hash = "sha256:b90928f2d9eb2f33162405f32dde9f6dcead63a0971ca8a1b50eb4ca3e35ceb8"},
    {file = "mypy-0.770-cp37-cp37m-manylinux1_x86_64.whl", hash = "sha256:c56ffe22faa2e51054c5f7a3bc70a370939c2ed4de308c690e7949230c995913"},
    {file = "mypy-0.770-cp37-cp37m-win_amd64.whl", hash = "sha256:8dfb69fbf9f3aeed18afffb15e319ca7f8da9642336348ddd6cab2713ddcf8f9"},
    {file = "mypy-0.770-cp38-cp38-macosx_10_9_x86_64.whl", hash = "sha256:219a3116ecd015f8dca7b5d2c366c973509dfb9a8fc97ef044a36e3da66144a1"},
    {file = "mypy-0.770-cp38-cp38-manylinux1_x86_64.whl", hash = "sha256:7ec45a70d40ede1ec7ad7f95b3c94c9cf4c186a32f6bacb1795b60abd2f9ef27"},
    {file = "mypy-0.770-cp38-cp38-win_amd64.whl", hash = "sha256:f91c7ae919bbc3f96cd5e5b2e786b2b108343d1d7972ea130f7de27fdd547cf3"},
    {file = "mypy-0.770-py3-none-any.whl", hash = "sha256:3b1fc683fb204c6b4403a1ef23f0b1fac8e4477091585e0c8c54cbdf7d7bb164"},
    {file = "mypy-0.770.tar.gz", hash = "sha256:8a627507ef9b307b46a1fea9513d5c98680ba09591253082b4c48697ba05a4ae"},
]
mypy-boto3 = [
    {file = "mypy-boto3-1.13.7.0.tar.gz", hash = "sha256:a77272267ac323d2586d65dd674c031c937ac3edd6a35b918b404b02800be787"},
]
mypy-extensions = [
    {file = "mypy_extensions-0.4.3-py2.py3-none-any.whl", hash = "sha256:090fedd75945a69ae91ce1303b5824f428daf5a028d2f6ab8a299250a846f15d"},
    {file = "mypy_extensions-0.4.3.tar.gz", hash = "sha256:2d82818f5bb3e369420cb3c4060a7970edba416647068eb4c5343488a6c604a8"},
]
nixops = []
nose = [
    {file = "nose-1.3.7-py2-none-any.whl", hash = "sha256:dadcddc0aefbf99eea214e0f1232b94f2fa9bd98fa8353711dacb112bfcbbb2a"},
    {file = "nose-1.3.7-py3-none-any.whl", hash = "sha256:9ff7c6cc443f8c51994b34a667bbcf45afd6d945be7477b52e97516fd17c53ac"},
    {file = "nose-1.3.7.tar.gz", hash = "sha256:f1bffef9cbc82628f6e7d7b40d7e255aefaa1adb6a1b1d26c69a8b79e6208a98"},
]
pluggy = [
    {file = "pluggy-0.13.1-py2.py3-none-any.whl", hash = "sha256:966c145cd83c96502c3c3868f50408687b38434af77734af1e9ca461a4081d2d"},
    {file = "pluggy-0.13.1.tar.gz", hash = "sha256:15b2acde666561e1298d71b523007ed7364de07029219b604cf808bfa1c765b0"},
]
prettytable = [
    {file = "prettytable-0.7.2.tar.bz2", hash = "sha256:853c116513625c738dc3ce1aee148b5b5757a86727e67eff6502c7ca59d43c36"},
    {file = "prettytable-0.7.2.tar.gz", hash = "sha256:2d5460dc9db74a32bcc8f9f67de68b2c4f4d2f01fa3bd518764c69156d9cacd9"},
    {file = "prettytable-0.7.2.zip", hash = "sha256:a53da3b43d7a5c229b5e3ca2892ef982c46b7923b51e98f0db49956531211c4f"},
]
python-dateutil = [
    {file = "python-dateutil-2.8.1.tar.gz", hash = "sha256:73ebfe9dbf22e832286dafa60473e4cd239f8592f699aa5adaf10050e6e1823c"},
    {file = "python_dateutil-2.8.1-py2.py3-none-any.whl", hash = "sha256:75bb3f31ea686f1197762692a9ee6a7550b59fc6ca3a1f4b5d7e32fb98e2da2a"},
]
s3transfer = [
    {file = "s3transfer-0.3.3-py2.py3-none-any.whl", hash = "sha256:2482b4259524933a022d59da830f51bd746db62f047d6eb213f2f8855dcb8a13"},
    {file = "s3transfer-0.3.3.tar.gz", hash = "sha256:921a37e2aefc64145e7b73d50c71bb4f26f46e4c9f414dc648c6245ff92cf7db"},
]
six = [
    {file = "six-1.14.0-py2.py3-none-any.whl", hash = "sha256:8f3cd2e254d8f793e7f3d6d9df77b92252b52637291d0f0da013c76ea2724b6c"},
    {file = "six-1.14.0.tar.gz", hash = "sha256:236bdbdce46e6e6a3d61a337c0f8b763ca1e8717c03b369e87a7ec7ce1319c0a"},
]
typed-ast = [
    {file = "typed_ast-1.4.1-cp35-cp35m-manylinux1_i686.whl", hash = "sha256:73d785a950fc82dd2a25897d525d003f6378d1cb23ab305578394694202a58c3"},
    {file = "typed_ast-1.4.1-cp35-cp35m-manylinux1_x86_64.whl", hash = "sha256:aaee9905aee35ba5905cfb3c62f3e83b3bec7b39413f0a7f19be4e547ea01ebb"},
    {file = "typed_ast-1.4.1-cp35-cp35m-win32.whl", hash = "sha256:0c2c07682d61a629b68433afb159376e24e5b2fd4641d35424e462169c0a7919"},
    {file = "typed_ast-1.4.1-cp35-cp35m-win_amd64.whl", hash = "sha256:4083861b0aa07990b619bd7ddc365eb7fa4b817e99cf5f8d9cf21a42780f6e01"},
    {file = "typed_ast-1.4.1-cp36-cp36m-macosx_10_9_x86_64.whl", hash = "sha256:269151951236b0f9a6f04015a9004084a5ab0d5f19b57de779f908621e7d8b75"},
    {file = "typed_ast-1.4.1-cp36-cp36m-manylinux1_i686.whl", hash = "sha256:24995c843eb0ad11a4527b026b4dde3da70e1f2d8806c99b7b4a7cf491612652"},
    {file = "typed_ast-1.4.1-cp36-cp36m-manylinux1_x86_64.whl", hash = "sha256:fe460b922ec15dd205595c9b5b99e2f056fd98ae8f9f56b888e7a17dc2b757e7"},
    {file = "typed_ast-1.4.1-cp36-cp36m-win32.whl", hash = "sha256:4e3e5da80ccbebfff202a67bf900d081906c358ccc3d5e3c8aea42fdfdfd51c1"},
    {file = "typed_ast-1.4.1-cp36-cp36m-win_amd64.whl", hash = "sha256:249862707802d40f7f29f6e1aad8d84b5aa9e44552d2cc17384b209f091276aa"},
    {file = "typed_ast-1.4.1-cp37-cp37m-macosx_10_9_x86_64.whl", hash = "sha256:8ce678dbaf790dbdb3eba24056d5364fb45944f33553dd5869b7580cdbb83614"},
    {file = "typed_ast-1.4.1-cp37-cp37m-manylinux1_i686.whl", hash = "sha256:c9e348e02e4d2b4a8b2eedb48210430658df6951fa484e59de33ff773fbd4b41"},
    {file = "typed_ast-1.4.1-cp37-cp37m-manylinux1_x86_64.whl", hash = "sha256:bcd3b13b56ea479b3650b82cabd6b5343a625b0ced5429e4ccad28a8973f301b"},
    {file = "typed_ast-1.4.1-cp37-cp37m-win32.whl", hash = "sha256:d5d33e9e7af3b34a40dc05f498939f0ebf187f07c385fd58d591c533ad8562fe"},
    {file = "typed_ast-1.4.1-cp37-cp37m-win_amd64.whl", hash = "sha256:0666aa36131496aed8f7be0410ff974562ab7eeac11ef351def9ea6fa28f6355"},
    {file = "typed_ast-1.4.1-cp38-cp38-macosx_10_15_x86_64.whl", hash = "sha256:d205b1b46085271b4e15f670058ce182bd1199e56b317bf2ec004b6a44f911f6"},
    {file = "typed_ast-1.4.1-cp38-cp38-manylinux1_i686.whl", hash = "sha256:6daac9731f172c2a22ade6ed0c00197ee7cc1221aa84cfdf9c31defeb059a907"},
    {file = "typed_ast-1.4.1-cp38-cp38-manylinux1_x86_64.whl", hash = "sha256:498b0f36cc7054c1fead3d7fc59d2150f4d5c6c56ba7fb150c013fbc683a8d2d"},
    {file = "typed_ast-1.4.1-cp38-cp38-win32.whl", hash = "sha256:715ff2f2df46121071622063fc7543d9b1fd19ebfc4f5c8895af64a77a8c852c"},
    {file = "typed_ast-1.4.1-cp38-cp38-win_amd64.whl", hash = "sha256:fc0fea399acb12edbf8a628ba8d2312f583bdbdb3335635db062fa98cf71fca4"},
    {file = "typed_ast-1.4.1-cp39-cp39-macosx_10_15_x86_64.whl", hash = "sha256:d43943ef777f9a1c42bf4e552ba23ac77a6351de620aa9acf64ad54933ad4d34"},
    {file = "typed_ast-1.4.1.tar.gz", hash = "sha256:8c8aaad94455178e3187ab22c8b01a3837f8ee50e09cf31f1ba129eb293ec30b"},
]
typeguard = [
    {file = "typeguard-2.7.1-py3-none-any.whl", hash = "sha256:1d3710251d3d3d6c64e0c49f45edec2e88ddc386a51e89c3ec0703efeb8b3b81"},
    {file = "typeguard-2.7.1.tar.gz", hash = "sha256:2d545c71e9439c21bcd7c28f5f55b3606e6106f7031ab58375656a1aed483ef2"},
]
typing-extensions = [
    {file = "typing_extensions-3.7.4.2-py2-none-any.whl", hash = "sha256:f8d2bd89d25bc39dabe7d23df520442fa1d8969b82544370e03d88b5a591c392"},
    {file = "typing_extensions-3.7.4.2-py3-none-any.whl", hash = "sha256:6e95524d8a547a91e08f404ae485bbb71962de46967e1b71a0cb89af24e761c5"},
    {file = "typing_extensions-3.7.4.2.tar.gz", hash = "sha256:79ee589a3caca649a9bfd2a8de4709837400dfa00b6cc81962a1e6a1815969ae"},
]
urllib3 = [
    {file = "urllib3-1.25.9-py2.py3-none-any.whl", hash = "sha256:88206b0eb87e6d677d424843ac5209e3fb9d0190d0ee169599165ec25e9d9115"},
    {file = "urllib3-1.25.9.tar.gz", hash = "sha256:3018294ebefce6572a474f0604c2021e33b3fd8006ecd11d62107a5d2a963527"},
]
zipp = [
    {file = "zipp-3.1.0-py3-none-any.whl", hash = "sha256:aa36550ff0c0b7ef7fa639055d797116ee891440eac1a56f378e2d3179e0320b"},
    {file = "zipp-3.1.0.tar.gz", hash = "sha256:c599e4d75c98f6798c509911d08a22e6c021d074469042177c8c86fb92eefd96"},
]
